
Microsoft Visual Studio Solution File, Format Version 12.00
# Visual Studio Version 17
VisualStudioVersion = 17.1.32421.90
MinimumVisualStudioVersion = 10.0.40219.1
Project("{2150E333-8FDC-42A3-9474-1A3956D46DE8}") = "Applications", "Applications", "{E759C9CC-80C0-4435-AD19-06D7D30D9981}"
EndProject
Project("{2150E333-8FDC-42A3-9474-1A3956D46DE8}") = "DataStructures", "DataStructures", "{434201A6-2949-4BFF-9FCB-06086517C158}"
EndProject
Project("{2150E333-8FDC-42A3-9474-1A3956D46DE8}") = "Tests", "Tests", "{49C0FEE1-F37A-47B3-B8C5-892C52D0202A}"
EndProject
Project("{2150E333-8FDC-42A3-9474-1A3956D46DE8}") = "UIs", "UIs", "{BDDEE618-514D-42AE-B8A7-EC0735FB8B95}"
EndProject
Project("{9A19103F-16F7-4668-BE54-9A1E7A4F7556}") = "ValueAndReferenceTypes", "ValueAndReferenceTypes\ValueAndReferenceTypes.csproj", "{E5198901-5652-4C12-A4EA-97407A16F461}"
EndProject
Project("{9A19103F-16F7-4668-BE54-9A1E7A4F7556}") = "ValueAndRefTypeApp", "ValueAndRefTypeApp\ValueAndRefTypeApp.csproj", "{5E732094-F0DD-4119-91C2-E413BE096805}"
EndProject
Project("{2150E333-8FDC-42A3-9474-1A3956D46DE8}") = "ApplicationsTests", "ApplicationsTests", "{C90D47B8-B7CC-43B3-AC49-3102E8DECC2F}"
EndProject
Project("{9A19103F-16F7-4668-BE54-9A1E7A4F7556}") = "ValueAndRefTypesTests", "ValueAndRefTypesTests\ValueAndRefTypesTests.csproj", "{70033292-7698-4BBC-A93A-AD750053E6CD}"
EndProject
Project("{9A19103F-16F7-4668-BE54-9A1E7A4F7556}") = "ArrayApp", "ArrayApp\ArrayApp.csproj", "{25F80461-14E6-4767-88CB-4F02AC063F66}"
EndProject
Project("{9A19103F-16F7-4668-BE54-9A1E7A4F7556}") = "Array", "Array\Array.csproj", "{35A93586-5E97-43AA-9D30-78CC30D24432}"
EndProject
Project("{2150E333-8FDC-42A3-9474-1A3956D46DE8}") = "DataStructuresTests", "DataStructuresTests", "{196A3A19-D428-4445-8C07-CC924BB84987}"
EndProject
Project("{2150E333-8FDC-42A3-9474-1A3956D46DE8}") = "ArrayTests", "ArrayTests", "{1C4DB82C-CD40-48E5-9C99-EF9B64ADF5AB}"
EndProject
Project("{2150E333-8FDC-42A3-9474-1A3956D46DE8}") = "LinkedListTests", "LinkedListTests", "{83205814-D8DE-4A51-BB01-2CC4AD304EA5}"
EndProject
Project("{9A19103F-16F7-4668-BE54-9A1E7A4F7556}") = "ArrayTests", "ArrayTests\ArrayTests.csproj", "{89593168-85F1-46F8-B3AC-1BE2F67345D0}"
EndProject
Project("{9A19103F-16F7-4668-BE54-9A1E7A4F7556}") = "LinkedList", "LinkedList\LinkedList.csproj", "{CC19F509-FC98-40B0-9AB4-0791A2BF1EF6}"
EndProject
Project("{9A19103F-16F7-4668-BE54-9A1E7A4F7556}") = "CollectionsTests", "CollectionsTests\CollectionsTests.csproj", "{DFE5C459-7BAF-4120-BB81-BC46A68D5CE3}"
EndProject
Project("{9A19103F-16F7-4668-BE54-9A1E7A4F7556}") = "LinkedListTests", "LinkedListTests\LinkedListTests.csproj", "{B481DF73-BEE2-46B5-9312-AB69901DA611}"
EndProject
Project("{9A19103F-16F7-4668-BE54-9A1E7A4F7556}") = "LinkedListApp", "LinkedListApp\LinkedListApp.csproj", "{8EC9027E-CDFD-4748-ABE9-B21456A21B72}"
EndProject
Project("{9A19103F-16F7-4668-BE54-9A1E7A4F7556}") = "Stack", "Stack\Stack.csproj", "{24FECF95-E806-4C06-8BD3-077581E65513}"
EndProject
Project("{9A19103F-16F7-4668-BE54-9A1E7A4F7556}") = "StackApp", "StackApp\StackApp.csproj", "{D22EC497-876B-42F2-9690-B9C5F6135BC9}"
EndProject
Project("{2150E333-8FDC-42A3-9474-1A3956D46DE8}") = "StackTests", "StackTests", "{6F131452-AB89-40D5-9DD7-63FECF8325FF}"
EndProject
Project("{FAE04EC0-301F-11D3-BF4B-00C04F79EFBC}") = "StackTests", "StackTests\StackTests.csproj", "{7C42E61B-FE27-4826-96A7-87AE4F49B9F4}"
EndProject
Global
	GlobalSection(SolutionConfigurationPlatforms) = preSolution
		Debug|Any CPU = Debug|Any CPU
		Release|Any CPU = Release|Any CPU
	EndGlobalSection
	GlobalSection(ProjectConfigurationPlatforms) = postSolution
		{E5198901-5652-4C12-A4EA-97407A16F461}.Debug|Any CPU.ActiveCfg = Debug|Any CPU
		{E5198901-5652-4C12-A4EA-97407A16F461}.Debug|Any CPU.Build.0 = Debug|Any CPU
		{E5198901-5652-4C12-A4EA-97407A16F461}.Release|Any CPU.ActiveCfg = Release|Any CPU
		{E5198901-5652-4C12-A4EA-97407A16F461}.Release|Any CPU.Build.0 = Release|Any CPU
		{5E732094-F0DD-4119-91C2-E413BE096805}.Debug|Any CPU.ActiveCfg = Debug|Any CPU
		{5E732094-F0DD-4119-91C2-E413BE096805}.Debug|Any CPU.Build.0 = Debug|Any CPU
		{5E732094-F0DD-4119-91C2-E413BE096805}.Release|Any CPU.ActiveCfg = Release|Any CPU
		{5E732094-F0DD-4119-91C2-E413BE096805}.Release|Any CPU.Build.0 = Release|Any CPU
		{70033292-7698-4BBC-A93A-AD750053E6CD}.Debug|Any CPU.ActiveCfg = Debug|Any CPU
		{70033292-7698-4BBC-A93A-AD750053E6CD}.Debug|Any CPU.Build.0 = Debug|Any CPU
		{70033292-7698-4BBC-A93A-AD750053E6CD}.Release|Any CPU.ActiveCfg = Release|Any CPU
		{70033292-7698-4BBC-A93A-AD750053E6CD}.Release|Any CPU.Build.0 = Release|Any CPU
		{25F80461-14E6-4767-88CB-4F02AC063F66}.Debug|Any CPU.ActiveCfg = Debug|Any CPU
		{25F80461-14E6-4767-88CB-4F02AC063F66}.Debug|Any CPU.Build.0 = Debug|Any CPU
		{25F80461-14E6-4767-88CB-4F02AC063F66}.Release|Any CPU.ActiveCfg = Release|Any CPU
		{25F80461-14E6-4767-88CB-4F02AC063F66}.Release|Any CPU.Build.0 = Release|Any CPU
		{35A93586-5E97-43AA-9D30-78CC30D24432}.Debug|Any CPU.ActiveCfg = Debug|Any CPU
		{35A93586-5E97-43AA-9D30-78CC30D24432}.Debug|Any CPU.Build.0 = Debug|Any CPU
		{35A93586-5E97-43AA-9D30-78CC30D24432}.Release|Any CPU.ActiveCfg = Release|Any CPU
		{35A93586-5E97-43AA-9D30-78CC30D24432}.Release|Any CPU.Build.0 = Release|Any CPU
		{89593168-85F1-46F8-B3AC-1BE2F67345D0}.Debug|Any CPU.ActiveCfg = Debug|Any CPU
		{89593168-85F1-46F8-B3AC-1BE2F67345D0}.Debug|Any CPU.Build.0 = Debug|Any CPU
		{89593168-85F1-46F8-B3AC-1BE2F67345D0}.Release|Any CPU.ActiveCfg = Release|Any CPU
		{89593168-85F1-46F8-B3AC-1BE2F67345D0}.Release|Any CPU.Build.0 = Release|Any CPU
		{CC19F509-FC98-40B0-9AB4-0791A2BF1EF6}.Debug|Any CPU.ActiveCfg = Debug|Any CPU
		{CC19F509-FC98-40B0-9AB4-0791A2BF1EF6}.Debug|Any CPU.Build.0 = Debug|Any CPU
		{CC19F509-FC98-40B0-9AB4-0791A2BF1EF6}.Release|Any CPU.ActiveCfg = Release|Any CPU
		{CC19F509-FC98-40B0-9AB4-0791A2BF1EF6}.Release|Any CPU.Build.0 = Release|Any CPU
		{DFE5C459-7BAF-4120-BB81-BC46A68D5CE3}.Debug|Any CPU.ActiveCfg = Debug|Any CPU
		{DFE5C459-7BAF-4120-BB81-BC46A68D5CE3}.Debug|Any CPU.Build.0 = Debug|Any CPU
		{DFE5C459-7BAF-4120-BB81-BC46A68D5CE3}.Release|Any CPU.ActiveCfg = Release|Any CPU
		{DFE5C459-7BAF-4120-BB81-BC46A68D5CE3}.Release|Any CPU.Build.0 = Release|Any CPU
		{B481DF73-BEE2-46B5-9312-AB69901DA611}.Debug|Any CPU.ActiveCfg = Debug|Any CPU
		{B481DF73-BEE2-46B5-9312-AB69901DA611}.Debug|Any CPU.Build.0 = Debug|Any CPU
		{B481DF73-BEE2-46B5-9312-AB69901DA611}.Release|Any CPU.ActiveCfg = Release|Any CPU
		{B481DF73-BEE2-46B5-9312-AB69901DA611}.Release|Any CPU.Build.0 = Release|Any CPU
		{8EC9027E-CDFD-4748-ABE9-B21456A21B72}.Debug|Any CPU.ActiveCfg = Debug|Any CPU
		{8EC9027E-CDFD-4748-ABE9-B21456A21B72}.Debug|Any CPU.Build.0 = Debug|Any CPU
		{8EC9027E-CDFD-4748-ABE9-B21456A21B72}.Release|Any CPU.ActiveCfg = Release|Any CPU
		{8EC9027E-CDFD-4748-ABE9-B21456A21B72}.Release|Any CPU.Build.0 = Release|Any CPU
		{24FECF95-E806-4C06-8BD3-077581E65513}.Debug|Any CPU.ActiveCfg = Debug|Any CPU
		{24FECF95-E806-4C06-8BD3-077581E65513}.Debug|Any CPU.Build.0 = Debug|Any CPU
		{24FECF95-E806-4C06-8BD3-077581E65513}.Release|Any CPU.ActiveCfg = Release|Any CPU
		{24FECF95-E806-4C06-8BD3-077581E65513}.Release|Any CPU.Build.0 = Release|Any CPU
		{D22EC497-876B-42F2-9690-B9C5F6135BC9}.Debug|Any CPU.ActiveCfg = Debug|Any CPU
		{D22EC497-876B-42F2-9690-B9C5F6135BC9}.Debug|Any CPU.Build.0 = Debug|Any CPU
		{D22EC497-876B-42F2-9690-B9C5F6135BC9}.Release|Any CPU.ActiveCfg = Release|Any CPU
		{D22EC497-876B-42F2-9690-B9C5F6135BC9}.Release|Any CPU.Build.0 = Release|Any CPU
		{7C42E61B-FE27-4826-96A7-87AE4F49B9F4}.Debug|Any CPU.ActiveCfg = Debug|Any CPU
		{7C42E61B-FE27-4826-96A7-87AE4F49B9F4}.Debug|Any CPU.Build.0 = Debug|Any CPU
		{7C42E61B-FE27-4826-96A7-87AE4F49B9F4}.Release|Any CPU.ActiveCfg = Release|Any CPU
		{7C42E61B-FE27-4826-96A7-87AE4F49B9F4}.Release|Any CPU.Build.0 = Release|Any CPU
	EndGlobalSection
	GlobalSection(SolutionProperties) = preSolution
		HideSolutionNode = FALSE
	EndGlobalSection
	GlobalSection(NestedProjects) = preSolution
		{E5198901-5652-4C12-A4EA-97407A16F461} = {E759C9CC-80C0-4435-AD19-06D7D30D9981}
		{5E732094-F0DD-4119-91C2-E413BE096805} = {BDDEE618-514D-42AE-B8A7-EC0735FB8B95}
		{C90D47B8-B7CC-43B3-AC49-3102E8DECC2F} = {49C0FEE1-F37A-47B3-B8C5-892C52D0202A}
		{70033292-7698-4BBC-A93A-AD750053E6CD} = {C90D47B8-B7CC-43B3-AC49-3102E8DECC2F}
		{25F80461-14E6-4767-88CB-4F02AC063F66} = {BDDEE618-514D-42AE-B8A7-EC0735FB8B95}
		{35A93586-5E97-43AA-9D30-78CC30D24432} = {434201A6-2949-4BFF-9FCB-06086517C158}
		{196A3A19-D428-4445-8C07-CC924BB84987} = {49C0FEE1-F37A-47B3-B8C5-892C52D0202A}
		{1C4DB82C-CD40-48E5-9C99-EF9B64ADF5AB} = {196A3A19-D428-4445-8C07-CC924BB84987}
		{83205814-D8DE-4A51-BB01-2CC4AD304EA5} = {196A3A19-D428-4445-8C07-CC924BB84987}
		{89593168-85F1-46F8-B3AC-1BE2F67345D0} = {1C4DB82C-CD40-48E5-9C99-EF9B64ADF5AB}
		{CC19F509-FC98-40B0-9AB4-0791A2BF1EF6} = {434201A6-2949-4BFF-9FCB-06086517C158}
		{DFE5C459-7BAF-4120-BB81-BC46A68D5CE3} = {C90D47B8-B7CC-43B3-AC49-3102E8DECC2F}
		{B481DF73-BEE2-46B5-9312-AB69901DA611} = {83205814-D8DE-4A51-BB01-2CC4AD304EA5}
		{8EC9027E-CDFD-4748-ABE9-B21456A21B72} = {BDDEE618-514D-42AE-B8A7-EC0735FB8B95}
		{24FECF95-E806-4C06-8BD3-077581E65513} = {434201A6-2949-4BFF-9FCB-06086517C158}
		{D22EC497-876B-42F2-9690-B9C5F6135BC9} = {BDDEE618-514D-42AE-B8A7-EC0735FB8B95}
		{6F131452-AB89-40D5-9DD7-63FECF8325FF} = {196A3A19-D428-4445-8C07-CC924BB84987}
		{7C42E61B-FE27-4826-96A7-87AE4F49B9F4} = {6F131452-AB89-40D5-9DD7-63FECF8325FF}
	EndGlobalSection
	GlobalSection(ExtensibilityGlobals) = postSolution
		SolutionGuid = {5FD4AB6C-A89F-4458-8870-B00EFC733CC9}
	EndGlobalSection
EndGlobal
